 # Alarm locks doors
 alias: "Alarm Arm Stay & Lock"
 trigger:
   - platform: state
     entity_id: alarm_control_panel.alarmcom
     to: 'armed_home'
   - platform: state
     entity_id: alarm_control_panel.alarmcom
     to: 'armed_stay'
 action:
   service: lock.lock
   entity_id: group.all_locks


